PODS:
  - boost-for-react-native (1.63.0)
  - BVLinearGradient (2.5.3):
    - React
  - DoubleConversion (1.1.6)
  - Folly (2016.10.31.00):
    - boost-for-react-native
    - DoubleConversion
    - glog
  - glog (0.3.5)
  - React (0.57.8):
    - React/Core (= 0.57.8)
  - react-native-splash-screen (3.2.0):
    - React
  - react-native-sqlite-storage (3.3.9):
    - React
  - React/Core (0.57.8):
    - yoga (= 0.57.8.React)
  - React/CxxBridge (0.57.8):
    - Folly (= 2016.10.31.00)
    - React/Core
    - React/cxxreact
  - React/cxxreact (0.57.8):
    - boost-for-react-native (= 1.63.0)
    - Folly (= 2016.10.31.00)
    - React/jschelpers
    - React/jsinspector
  - React/DevSupport (0.57.8):
    - React/Core
    - React/RCTWebSocket
  - React/fishhook (0.57.8)
  - React/jschelpers (0.57.8):
    - Folly (= 2016.10.31.00)
    - React/PrivateDatabase
  - React/jsinspector (0.57.8)
  - React/PrivateDatabase (0.57.8)
  - React/RCTAnimation (0.57.8):
    - React/Core
  - React/RCTBlob (0.57.8):
    - React/Core
  - React/RCTImage (0.57.8):
    - React/Core
    - React/RCTNetwork
  - React/RCTNetwork (0.57.8):
    - React/Core
  - React/RCTText (0.57.8):
    - React/Core
  - React/RCTWebSocket (0.57.8):
    - React/Core
    - React/fishhook
    - React/RCTBlob
  - ReactNativeNavigation (2.12.0):
    - React
  - RNSVG (9.2.4):
    - React
  - yoga (0.57.8.React)

DEPENDENCIES:
  - BVLinearGradient (from `../node_modules/react-native-linear-gradient`)
  - DoubleConversion (from `../node_modules/react-native/third-party-podspecs/DoubleConversion.podspec`)
  - Folly (from `../node_modules/react-native/third-party-podspecs/Folly.podspec`)
  - glog (from `../node_modules/react-native/third-party-podspecs/glog.podspec`)
  - react-native-splash-screen (from `../node_modules/react-native-splash-screen`)
  - react-native-sqlite-storage (from `../node_modules/react-native-sqlite-storage`)
  - React/Core (from `../node_modules/react-native`)
  - React/CxxBridge (from `../node_modules/react-native`)
  - React/DevSupport (from `../node_modules/react-native`)
  - React/RCTAnimation (from `../node_modules/react-native`)
  - React/RCTImage (from `../node_modules/react-native`)
  - React/RCTNetwork (from `../node_modules/react-native`)
  - React/RCTText (from `../node_modules/react-native`)
  - React/RCTWebSocket (from `../node_modules/react-native`)
  - ReactNativeNavigation (from `../node_modules/react-native-navigation`)
  - RNSVG (from `../node_modules/react-native-svg`)
  - yoga (from `../node_modules/react-native/ReactCommon/yoga`)

SPEC REPOS:
  https://github.com/cocoapods/specs.git:
    - boost-for-react-native

EXTERNAL SOURCES:
  BVLinearGradient:
    :path: "../node_modules/react-native-linear-gradient"
  DoubleConversion:
    :podspec: "../node_modules/react-native/third-party-podspecs/DoubleConversion.podspec"
  Folly:
    :podspec: "../node_modules/react-native/third-party-podspecs/Folly.podspec"
  glog:
    :podspec: "../node_modules/react-native/third-party-podspecs/glog.podspec"
  React:
    :path: "../node_modules/react-native"
  react-native-splash-screen:
    :path: "../node_modules/react-native-splash-screen"
  react-native-sqlite-storage:
    :path: "../node_modules/react-native-sqlite-storage"
  ReactNativeNavigation:
    :path: "../node_modules/react-native-navigation"
  RNSVG:
    :path: "../node_modules/react-native-svg"
  yoga:
    :path: "../node_modules/react-native/ReactCommon/yoga"

SPEC CHECKSUMS:
  boost-for-react-native: 39c7adb57c4e60d6c5479dd8623128eb5b3f0f2c
  BVLinearGradient: b0b70acf63ee888829b7c2ebbf6b50e227396e55
  DoubleConversion: bb338842f62ab1d708ceb63ec3d999f0f3d98ecd
  Folly: c89ac2d5c6ab169cd7397ef27485c44f35f742c7
  glog: e8acf0ebbf99759d3ff18c86c292a5898282dcde
  React: 1fe0eb13d90b625d94c3b117c274dcfd2e760e11
  react-native-splash-screen: a49be22f0f6648b8416f3bd28258645eeaa5b42b
  react-native-sqlite-storage: 848fb96c0b6d17b3f70e169ac41f84434cdad94c
  ReactNativeNavigation: 20522060de61b1c293ec50681a6aa11488596286
  RNSVG: 4834be1d644eb77f0e3f6de851881b83758a3124
  yoga: b1ce48b6cf950b98deae82838f5173ea7cf89e85

PODFILE CHECKSUM: 3295b76ca9dc0599bfaa9ac27e080f98e1d1ee34

COCOAPODS: 1.5.3
